// !$*UTF8*$!
{
	archiveVersion = 1;
	classes = {
	};
	objectVersion = 50;
	objects = {

/* Begin PBXBuildFile section */
		14285080D3D01345554C1765 /* Pods_sampleappTests.framework in Frameworks */ = {isa = PBXBuildFile; fileRef = 02BCFA5F1386ADE2382AF76F /* Pods_sampleappTests.framework */; };
		69E08BCABBAA4E8819CB2ADF /* Pods_sampleapp_sampleappUITests.framework in Frameworks */ = {isa = PBXBuildFile; fileRef = D390EBA161BAF406ADE86E96 /* Pods_sampleapp_sampleappUITests.framework */; };
		DB49604126B3CBA000A89EE9 /* ListCellModel.m in Sources */ = {isa = PBXBuildFile; fileRef = DB49604026B3CBA000A89EE9 /* ListCellModel.m */; };
		DB5A403C26AE3CD200EF4CF9 /* AppDelegate.m in Sources */ = {isa = PBXBuildFile; fileRef = DB5A403B26AE3CD200EF4CF9 /* AppDelegate.m */; };
		DB5A404226AE3CD200EF4CF9 /* GHZNewsController.m in Sources */ = {isa = PBXBuildFile; fileRef = DB5A404126AE3CD200EF4CF9 /* GHZNewsController.m */; };
		DB5A404726AE3CD300EF4CF9 /* Assets.xcassets in Resources */ = {isa = PBXBuildFile; fileRef = DB5A404626AE3CD300EF4CF9 /* Assets.xcassets */; };
		DB5A404A26AE3CD300EF4CF9 /* LaunchScreen.storyboard in Resources */ = {isa = PBXBuildFile; fileRef = DB5A404826AE3CD300EF4CF9 /* LaunchScreen.storyboard */; };
		DB5A404D26AE3CD300EF4CF9 /* main.m in Sources */ = {isa = PBXBuildFile; fileRef = DB5A404C26AE3CD300EF4CF9 /* main.m */; };
		DB5A405726AE3CD300EF4CF9 /* sampleappTests.m in Sources */ = {isa = PBXBuildFile; fileRef = DB5A405626AE3CD300EF4CF9 /* sampleappTests.m */; };
		DB5A406226AE3CD300EF4CF9 /* sampleappUITests.m in Sources */ = {isa = PBXBuildFile; fileRef = DB5A406126AE3CD300EF4CF9 /* sampleappUITests.m */; };
		DB5A40B526AE76E600EF4CF9 /* GHZVideoViewController.m in Sources */ = {isa = PBXBuildFile; fileRef = DB5A40B426AE76E600EF4CF9 /* GHZVideoViewController.m */; };
		DB5A40B926AEBF7900EF4CF9 /* GHZReCommendViewController.m in Sources */ = {isa = PBXBuildFile; fileRef = DB5A40B826AEBF7900EF4CF9 /* GHZReCommendViewController.m */; };
		DB5A40BC26AEC5F400EF4CF9 /* GHZNewsCell.m in Sources */ = {isa = PBXBuildFile; fileRef = DB5A40BB26AEC5F400EF4CF9 /* GHZNewsCell.m */; };
		DB5A40C226B24B4100EF4CF9 /* NewsDetailViewController.m in Sources */ = {isa = PBXBuildFile; fileRef = DB5A40C126B24B4100EF4CF9 /* NewsDetailViewController.m */; };
		DB5A40C726B25A6D00EF4CF9 /* GHZListLoader.m in Sources */ = {isa = PBXBuildFile; fileRef = DB5A40C626B25A6D00EF4CF9 /* GHZListLoader.m */; };
		DB5A40D726B2F6E600EF4CF9 /* AFURLResponseSerialization.m in Sources */ = {isa = PBXBuildFile; fileRef = DB5A40CD26B2F6E600EF4CF9 /* AFURLResponseSerialization.m */; };
		DB5A40D826B2F6E600EF4CF9 /* AFHTTPSessionManager.m in Sources */ = {isa = PBXBuildFile; fileRef = DB5A40CE26B2F6E600EF4CF9 /* AFHTTPSessionManager.m */; };
		DB5A40D926B2F6E600EF4CF9 /* AFURLSessionManager.m in Sources */ = {isa = PBXBuildFile; fileRef = DB5A40D026B2F6E600EF4CF9 /* AFURLSessionManager.m */; };
		DB5A40DA26B2F6E600EF4CF9 /* AFURLRequestSerialization.m in Sources */ = {isa = PBXBuildFile; fileRef = DB5A40D126B2F6E600EF4CF9 /* AFURLRequestSerialization.m */; };
		DB5A40DB26B2F6E600EF4CF9 /* AFNetworkReachabilityManager.m in Sources */ = {isa = PBXBuildFile; fileRef = DB5A40D326B2F6E600EF4CF9 /* AFNetworkReachabilityManager.m */; };
		DB5A40DC26B2F6E600EF4CF9 /* AFSecurityPolicy.m in Sources */ = {isa = PBXBuildFile; fileRef = DB5A40D426B2F6E600EF4CF9 /* AFSecurityPolicy.m */; };
		DB5A40F426B2F99200EF4CF9 /* MJPropertyType.m in Sources */ = {isa = PBXBuildFile; fileRef = DB5A40E126B2F99200EF4CF9 /* MJPropertyType.m */; };
		DB5A40F526B2F99200EF4CF9 /* NSObject+MJKeyValue.m in Sources */ = {isa = PBXBuildFile; fileRef = DB5A40E426B2F99200EF4CF9 /* NSObject+MJKeyValue.m */; };
		DB5A40F626B2F99200EF4CF9 /* MJProperty.m in Sources */ = {isa = PBXBuildFile; fileRef = DB5A40E526B2F99200EF4CF9 /* MJProperty.m */; };
		DB5A40F726B2F99200EF4CF9 /* NSObject+MJCoding.m in Sources */ = {isa = PBXBuildFile; fileRef = DB5A40E726B2F99200EF4CF9 /* NSObject+MJCoding.m */; };
		DB5A40F826B2F99200EF4CF9 /* MJExtensionConst.m in Sources */ = {isa = PBXBuildFile; fileRef = DB5A40E926B2F99200EF4CF9 /* MJExtensionConst.m */; };
		DB5A40F926B2F99200EF4CF9 /* NSObject+MJProperty.m in Sources */ = {isa = PBXBuildFile; fileRef = DB5A40EA26B2F99200EF4CF9 /* NSObject+MJProperty.m */; };
		DB5A40FA26B2F99200EF4CF9 /* NSObject+MJClass.m in Sources */ = {isa = PBXBuildFile; fileRef = DB5A40EC26B2F99200EF4CF9 /* NSObject+MJClass.m */; };
		DB5A40FB26B2F99200EF4CF9 /* NSString+MJExtension.m in Sources */ = {isa = PBXBuildFile; fileRef = DB5A40ED26B2F99200EF4CF9 /* NSString+MJExtension.m */; };
		DB5A40FC26B2F99200EF4CF9 /* MJPropertyKey.m in Sources */ = {isa = PBXBuildFile; fileRef = DB5A40EE26B2F99200EF4CF9 /* MJPropertyKey.m */; };
		DB5A40FE26B2F99200EF4CF9 /* MJFoundation.m in Sources */ = {isa = PBXBuildFile; fileRef = DB5A40F326B2F99200EF4CF9 /* MJFoundation.m */; };
		E88041860B365CE570E8637C /* Pods_sampleapp.framework in Frameworks */ = {isa = PBXBuildFile; fileRef = F2B9AAF7AA3E72D57CCA84C7 /* Pods_sampleapp.framework */; };
/* End PBXBuildFile section */

/* Begin PBXContainerItemProxy section */
		DB5A405326AE3CD300EF4CF9 /* PBXContainerItemProxy */ = {
			isa = PBXContainerItemProxy;
			containerPortal = DB5A402F26AE3CD200EF4CF9 /* Project object */;
			proxyType = 1;
			remoteGlobalIDString = DB5A403626AE3CD200EF4CF9;
			remoteInfo = sampleapp;
		};
		DB5A405E26AE3CD300EF4CF9 /* PBXContainerItemProxy */ = {
			isa = PBXContainerItemProxy;
			containerPortal = DB5A402F26AE3CD200EF4CF9 /* Project object */;
			proxyType = 1;
			remoteGlobalIDString = DB5A403626AE3CD200EF4CF9;
			remoteInfo = sampleapp;
		};
/* End PBXContainerItemProxy section */

/* Begin PBXFileReference section */
		02BCFA5F1386ADE2382AF76F /* Pods_sampleappTests.framework */ = {isa = PBXFileReference; explicitFileType = wrapper.framework; includeInIndex = 0; path = Pods_sampleappTests.framework; sourceTree = BUILT_PRODUCTS_DIR; };
		2CE39186EC6D03A7719D28FC /* Pods-sampleapp-sampleappUITests.release.xcconfig */ = {isa = PBXFileReference; includeInIndex = 1; lastKnownFileType = text.xcconfig; name = "Pods-sampleapp-sampleappUITests.release.xcconfig"; path = "Target Support Files/Pods-sampleapp-sampleappUITests/Pods-sampleapp-sampleappUITests.release.xcconfig"; sourceTree = "<group>"; };
		54F717A4CF460A9E78C8E663 /* Pods-sampleappTests.release.xcconfig */ = {isa = PBXFileReference; includeInIndex = 1; lastKnownFileType = text.xcconfig; name = "Pods-sampleappTests.release.xcconfig"; path = "Target Support Files/Pods-sampleappTests/Pods-sampleappTests.release.xcconfig"; sourceTree = "<group>"; };
		7B0AA17FCF87FB4338E90648 /* Pods-sampleapp.debug.xcconfig */ = {isa = PBXFileReference; includeInIndex = 1; lastKnownFileType = text.xcconfig; name = "Pods-sampleapp.debug.xcconfig"; path = "Target Support Files/Pods-sampleapp/Pods-sampleapp.debug.xcconfig"; sourceTree = "<group>"; };
		903EB5CB869A9B1677CCA70E /* Pods-sampleappTests.debug.xcconfig */ = {isa = PBXFileReference; includeInIndex = 1; lastKnownFileType = text.xcconfig; name = "Pods-sampleappTests.debug.xcconfig"; path = "Target Support Files/Pods-sampleappTests/Pods-sampleappTests.debug.xcconfig"; sourceTree = "<group>"; };
		C6230A6FE076D762E5A237BD /* Pods-sampleapp.release.xcconfig */ = {isa = PBXFileReference; includeInIndex = 1; lastKnownFileType = text.xcconfig; name = "Pods-sampleapp.release.xcconfig"; path = "Target Support Files/Pods-sampleapp/Pods-sampleapp.release.xcconfig"; sourceTree = "<group>"; };
		D390EBA161BAF406ADE86E96 /* Pods_sampleapp_sampleappUITests.framework */ = {isa = PBXFileReference; explicitFileType = wrapper.framework; includeInIndex = 0; path = Pods_sampleapp_sampleappUITests.framework; sourceTree = BUILT_PRODUCTS_DIR; };
		DB49603F26B3CBA000A89EE9 /* ListCellModel.h */ = {isa = PBXFileReference; lastKnownFileType = sourcecode.c.h; path = ListCellModel.h; sourceTree = "<group>"; };
		DB49604026B3CBA000A89EE9 /* ListCellModel.m */ = {isa = PBXFileReference; lastKnownFileType = sourcecode.c.objc; path = ListCellModel.m; sourceTree = "<group>"; };
		DB5A403726AE3CD200EF4CF9 /* sampleapp.app */ = {isa = PBXFileReference; explicitFileType = wrapper.application; includeInIndex = 0; path = sampleapp.app; sourceTree = BUILT_PRODUCTS_DIR; };
		DB5A403A26AE3CD200EF4CF9 /* AppDelegate.h */ = {isa = PBXFileReference; lastKnownFileType = sourcecode.c.h; path = AppDelegate.h; sourceTree = "<group>"; };
		DB5A403B26AE3CD200EF4CF9 /* AppDelegate.m */ = {isa = PBXFileReference; lastKnownFileType = sourcecode.c.objc; path = AppDelegate.m; sourceTree = "<group>"; };
		DB5A404026AE3CD200EF4CF9 /* GHZNewsController.h */ = {isa = PBXFileReference; lastKnownFileType = sourcecode.c.h; path = GHZNewsController.h; sourceTree = "<group>"; };
		DB5A404126AE3CD200EF4CF9 /* GHZNewsController.m */ = {isa = PBXFileReference; lastKnownFileType = sourcecode.c.objc; path = GHZNewsController.m; sourceTree = "<group>"; };
		DB5A404626AE3CD300EF4CF9 /* Assets.xcassets */ = {isa = PBXFileReference; lastKnownFileType = folder.assetcatalog; path = Assets.xcassets; sourceTree = "<group>"; };
		DB5A404926AE3CD300EF4CF9 /* Base */ = {isa = PBXFileReference; lastKnownFileType = file.storyboard; name = Base; path = Base.lproj/LaunchScreen.storyboard; sourceTree = "<group>"; };
		DB5A404B26AE3CD300EF4CF9 /* Info.plist */ = {isa = PBXFileReference; lastKnownFileType = text.plist.xml; path = Info.plist; sourceTree = "<group>"; };
		DB5A404C26AE3CD300EF4CF9 /* main.m */ = {isa = PBXFileReference; lastKnownFileType = sourcecode.c.objc; path = main.m; sourceTree = "<group>"; };
		DB5A405226AE3CD300EF4CF9 /* sampleappTests.xctest */ = {isa = PBXFileReference; explicitFileType = wrapper.cfbundle; includeInIndex = 0; path = sampleappTests.xctest; sourceTree = BUILT_PRODUCTS_DIR; };
		DB5A405626AE3CD300EF4CF9 /* sampleappTests.m */ = {isa = PBXFileReference; lastKnownFileType = sourcecode.c.objc; path = sampleappTests.m; sourceTree = "<group>"; };
		DB5A405826AE3CD300EF4CF9 /* Info.plist */ = {isa = PBXFileReference; lastKnownFileType = text.plist.xml; path = Info.plist; sourceTree = "<group>"; };
		DB5A405D26AE3CD300EF4CF9 /* sampleappUITests.xctest */ = {isa = PBXFileReference; explicitFileType = wrapper.cfbundle; includeInIndex = 0; path = sampleappUITests.xctest; sourceTree = BUILT_PRODUCTS_DIR; };
		DB5A406126AE3CD300EF4CF9 /* sampleappUITests.m */ = {isa = PBXFileReference; lastKnownFileType = sourcecode.c.objc; path = sampleappUITests.m; sourceTree = "<group>"; };
		DB5A406326AE3CD300EF4CF9 /* Info.plist */ = {isa = PBXFileReference; lastKnownFileType = text.plist.xml; path = Info.plist; sourceTree = "<group>"; };
		DB5A40B326AE76E600EF4CF9 /* GHZVideoViewController.h */ = {isa = PBXFileReference; lastKnownFileType = sourcecode.c.h; path = GHZVideoViewController.h; sourceTree = "<group>"; };
		DB5A40B426AE76E600EF4CF9 /* GHZVideoViewController.m */ = {isa = PBXFileReference; lastKnownFileType = sourcecode.c.objc; path = GHZVideoViewController.m; sourceTree = "<group>"; };
		DB5A40B626AE7A2200EF4CF9 /* PrefixHeader.pch */ = {isa = PBXFileReference; lastKnownFileType = sourcecode.c.h; path = PrefixHeader.pch; sourceTree = "<group>"; };
		DB5A40B726AEBF7900EF4CF9 /* GHZReCommendViewController.h */ = {isa = PBXFileReference; lastKnownFileType = sourcecode.c.h; path = GHZReCommendViewController.h; sourceTree = "<group>"; };
		DB5A40B826AEBF7900EF4CF9 /* GHZReCommendViewController.m */ = {isa = PBXFileReference; lastKnownFileType = sourcecode.c.objc; path = GHZReCommendViewController.m; sourceTree = "<group>"; };
		DB5A40BA26AEC5F400EF4CF9 /* GHZNewsCell.h */ = {isa = PBXFileReference; lastKnownFileType = sourcecode.c.h; path = GHZNewsCell.h; sourceTree = "<group>"; };
		DB5A40BB26AEC5F400EF4CF9 /* GHZNewsCell.m */ = {isa = PBXFileReference; lastKnownFileType = sourcecode.c.objc; path = GHZNewsCell.m; sourceTree = "<group>"; };
		DB5A40C026B24B4100EF4CF9 /* NewsDetailViewController.h */ = {isa = PBXFileReference; lastKnownFileType = sourcecode.c.h; path = NewsDetailViewController.h; sourceTree = "<group>"; };
		DB5A40C126B24B4100EF4CF9 /* NewsDetailViewController.m */ = {isa = PBXFileReference; lastKnownFileType = sourcecode.c.objc; path = NewsDetailViewController.m; sourceTree = "<group>"; };
		DB5A40C526B25A6D00EF4CF9 /* GHZListLoader.h */ = {isa = PBXFileReference; lastKnownFileType = sourcecode.c.h; path = GHZListLoader.h; sourceTree = "<group>"; };
		DB5A40C626B25A6D00EF4CF9 /* GHZListLoader.m */ = {isa = PBXFileReference; lastKnownFileType = sourcecode.c.objc; path = GHZListLoader.m; sourceTree = "<group>"; };
		DB5A40C926B2F6E600EF4CF9 /* AFSecurityPolicy.h */ = {isa = PBXFileReference; fileEncoding = 4; lastKnownFileType = sourcecode.c.h; path = AFSecurityPolicy.h; sourceTree = "<group>"; };
		DB5A40CA26B2F6E600EF4CF9 /* AFNetworkReachabilityManager.h */ = {isa = PBXFileReference; fileEncoding = 4; lastKnownFileType = sourcecode.c.h; path = AFNetworkReachabilityManager.h; sourceTree = "<group>"; };
		DB5A40CB26B2F6E600EF4CF9 /* AFURLSessionManager.h */ = {isa = PBXFileReference; fileEncoding = 4; lastKnownFileType = sourcecode.c.h; path = AFURLSessionManager.h; sourceTree = "<group>"; };
		DB5A40CC26B2F6E600EF4CF9 /* AFURLRequestSerialization.h */ = {isa = PBXFileReference; fileEncoding = 4; lastKnownFileType = sourcecode.c.h; path = AFURLRequestSerialization.h; sourceTree = "<group>"; };
		DB5A40CD26B2F6E600EF4CF9 /* AFURLResponseSerialization.m */ = {isa = PBXFileReference; fileEncoding = 4; lastKnownFileType = sourcecode.c.objc; path = AFURLResponseSerialization.m; sourceTree = "<group>"; };
		DB5A40CE26B2F6E600EF4CF9 /* AFHTTPSessionManager.m */ = {isa = PBXFileReference; fileEncoding = 4; lastKnownFileType = sourcecode.c.objc; path = AFHTTPSessionManager.m; sourceTree = "<group>"; };
		DB5A40CF26B2F6E600EF4CF9 /* AFURLResponseSerialization.h */ = {isa = PBXFileReference; fileEncoding = 4; lastKnownFileType = sourcecode.c.h; path = AFURLResponseSerialization.h; sourceTree = "<group>"; };
		DB5A40D026B2F6E600EF4CF9 /* AFURLSessionManager.m */ = {isa = PBXFileReference; fileEncoding = 4; lastKnownFileType = sourcecode.c.objc; path = AFURLSessionManager.m; sourceTree = "<group>"; };
		DB5A40D126B2F6E600EF4CF9 /* AFURLRequestSerialization.m */ = {isa = PBXFileReference; fileEncoding = 4; lastKnownFileType = sourcecode.c.objc; path = AFURLRequestSerialization.m; sourceTree = "<group>"; };
		DB5A40D226B2F6E600EF4CF9 /* AFNetworking.h */ = {isa = PBXFileReference; fileEncoding = 4; lastKnownFileType = sourcecode.c.h; path = AFNetworking.h; sourceTree = "<group>"; };
		DB5A40D326B2F6E600EF4CF9 /* AFNetworkReachabilityManager.m */ = {isa = PBXFileReference; fileEncoding = 4; lastKnownFileType = sourcecode.c.objc; path = AFNetworkReachabilityManager.m; sourceTree = "<group>"; };
		DB5A40D426B2F6E600EF4CF9 /* AFSecurityPolicy.m */ = {isa = PBXFileReference; fileEncoding = 4; lastKnownFileType = sourcecode.c.objc; path = AFSecurityPolicy.m; sourceTree = "<group>"; };
		DB5A40D526B2F6E600EF4CF9 /* AFCompatibilityMacros.h */ = {isa = PBXFileReference; fileEncoding = 4; lastKnownFileType = sourcecode.c.h; path = AFCompatibilityMacros.h; sourceTree = "<group>"; };
		DB5A40D626B2F6E600EF4CF9 /* AFHTTPSessionManager.h */ = {isa = PBXFileReference; fileEncoding = 4; lastKnownFileType = sourcecode.c.h; path = AFHTTPSessionManager.h; sourceTree = "<group>"; };
		DB5A40DE26B2F99200EF4CF9 /* MJPropertyKey.h */ = {isa = PBXFileReference; fileEncoding = 4; lastKnownFileType = sourcecode.c.h; path = MJPropertyKey.h; sourceTree = "<group>"; };
		DB5A40DF26B2F99200EF4CF9 /* NSObject+MJClass.h */ = {isa = PBXFileReference; fileEncoding = 4; lastKnownFileType = sourcecode.c.h; path = "NSObject+MJClass.h"; sourceTree = "<group>"; };
		DB5A40E026B2F99200EF4CF9 /* NSString+MJExtension.h */ = {isa = PBXFileReference; fileEncoding = 4; lastKnownFileType = sourcecode.c.h; path = "NSString+MJExtension.h"; sourceTree = "<group>"; };
		DB5A40E126B2F99200EF4CF9 /* MJPropertyType.m */ = {isa = PBXFileReference; fileEncoding = 4; lastKnownFileType = sourcecode.c.objc; path = MJPropertyType.m; sourceTree = "<group>"; };
		DB5A40E226B2F99200EF4CF9 /* NSObject+MJProperty.h */ = {isa = PBXFileReference; fileEncoding = 4; lastKnownFileType = sourcecode.c.h; path = "NSObject+MJProperty.h"; sourceTree = "<group>"; };
		DB5A40E326B2F99200EF4CF9 /* MJExtensionConst.h */ = {isa = PBXFileReference; fileEncoding = 4; lastKnownFileType = sourcecode.c.h; path = MJExtensionConst.h; sourceTree = "<group>"; };
		DB5A40E426B2F99200EF4CF9 /* NSObject+MJKeyValue.m */ = {isa = PBXFileReference; fileEncoding = 4; lastKnownFileType = sourcecode.c.objc; path = "NSObject+MJKeyValue.m"; sourceTree = "<group>"; };
		DB5A40E526B2F99200EF4CF9 /* MJProperty.m */ = {isa = PBXFileReference; fileEncoding = 4; lastKnownFileType = sourcecode.c.objc; path = MJProperty.m; sourceTree = "<group>"; };
		DB5A40E626B2F99200EF4CF9 /* MJFoundation.h */ = {isa = PBXFileReference; fileEncoding = 4; lastKnownFileType = sourcecode.c.h; path = MJFoundation.h; sourceTree = "<group>"; };
		DB5A40E726B2F99200EF4CF9 /* NSObject+MJCoding.m */ = {isa = PBXFileReference; fileEncoding = 4; lastKnownFileType = sourcecode.c.objc; path = "NSObject+MJCoding.m"; sourceTree = "<group>"; };
		DB5A40E826B2F99200EF4CF9 /* MJExtension.h */ = {isa = PBXFileReference; fileEncoding = 4; lastKnownFileType = sourcecode.c.h; path = MJExtension.h; sourceTree = "<group>"; };
		DB5A40E926B2F99200EF4CF9 /* MJExtensionConst.m */ = {isa = PBXFileReference; fileEncoding = 4; lastKnownFileType = sourcecode.c.objc; path = MJExtensionConst.m; sourceTree = "<group>"; };
		DB5A40EA26B2F99200EF4CF9 /* NSObject+MJProperty.m */ = {isa = PBXFileReference; fileEncoding = 4; lastKnownFileType = sourcecode.c.objc; path = "NSObject+MJProperty.m"; sourceTree = "<group>"; };
		DB5A40EB26B2F99200EF4CF9 /* MJPropertyType.h */ = {isa = PBXFileReference; fileEncoding = 4; lastKnownFileType = sourcecode.c.h; path = MJPropertyType.h; sourceTree = "<group>"; };
		DB5A40EC26B2F99200EF4CF9 /* NSObject+MJClass.m */ = {isa = PBXFileReference; fileEncoding = 4; lastKnownFileType = sourcecode.c.objc; path = "NSObject+MJClass.m"; sourceTree = "<group>"; };
		DB5A40ED26B2F99200EF4CF9 /* NSString+MJExtension.m */ = {isa = PBXFileReference; fileEncoding = 4; lastKnownFileType = sourcecode.c.objc; path = "NSString+MJExtension.m"; sourceTree = "<group>"; };
		DB5A40EE26B2F99200EF4CF9 /* MJPropertyKey.m */ = {isa = PBXFileReference; fileEncoding = 4; lastKnownFileType = sourcecode.c.objc; path = MJPropertyKey.m; sourceTree = "<group>"; };
		DB5A40EF26B2F99200EF4CF9 /* MJProperty.h */ = {isa = PBXFileReference; fileEncoding = 4; lastKnownFileType = sourcecode.c.h; path = MJProperty.h; sourceTree = "<group>"; };
		DB5A40F026B2F99200EF4CF9 /* NSObject+MJKeyValue.h */ = {isa = PBXFileReference; fileEncoding = 4; lastKnownFileType = sourcecode.c.h; path = "NSObject+MJKeyValue.h"; sourceTree = "<group>"; };
		DB5A40F126B2F99200EF4CF9 /* NSObject+MJCoding.h */ = {isa = PBXFileReference; fileEncoding = 4; lastKnownFileType = sourcecode.c.h; path = "NSObject+MJCoding.h"; sourceTree = "<group>"; };
		DB5A40F326B2F99200EF4CF9 /* MJFoundation.m */ = {isa = PBXFileReference; fileEncoding = 4; lastKnownFileType = sourcecode.c.objc; path = MJFoundation.m; sourceTree = "<group>"; };
		E8C46BCE2287D34F20F85B3A /* Pods-sampleapp-sampleappUITests.debug.xcconfig */ = {isa = PBXFileReference; includeInIndex = 1; lastKnownFileType = text.xcconfig; name = "Pods-sampleapp-sampleappUITests.debug.xcconfig"; path = "Target Support Files/Pods-sampleapp-sampleappUITests/Pods-sampleapp-sampleappUITests.debug.xcconfig"; sourceTree = "<group>"; };
		F2B9AAF7AA3E72D57CCA84C7 /* Pods_sampleapp.framework */ = {isa = PBXFileReference; explicitFileType = wrapper.framework; includeInIndex = 0; path = Pods_sampleapp.framework; sourceTree = BUILT_PRODUCTS_DIR; };
/* End PBXFileReference section */

/* Begin PBXFrameworksBuildPhase section */
		DB5A403426AE3CD200EF4CF9 /* Frameworks */ = {
			isa = PBXFrameworksBuildPhase;
			buildActionMask = 2147483647;
			files = (
				E88041860B365CE570E8637C /* Pods_sampleapp.framework in Frameworks */,
			);
			runOnlyForDeploymentPostprocessing = 0;
		};
		DB5A404F26AE3CD300EF4CF9 /* Frameworks */ = {
			isa = PBXFrameworksBuildPhase;
			buildActionMask = 2147483647;
			files = (
				14285080D3D01345554C1765 /* Pods_sampleappTests.framework in Frameworks */,
			);
			runOnlyForDeploymentPostprocessing = 0;
		};
		DB5A405A26AE3CD300EF4CF9 /* Frameworks */ = {
			isa = PBXFrameworksBuildPhase;
			buildActionMask = 2147483647;
			files = (
				69E08BCABBAA4E8819CB2ADF /* Pods_sampleapp_sampleappUITests.framework in Frameworks */,
			);
			runOnlyForDeploymentPostprocessing = 0;
		};
/* End PBXFrameworksBuildPhase section */

/* Begin PBXGroup section */
		6C7229912FAD9BE878B8E2EE /* Frameworks */ = {
			isa = PBXGroup;
			children = (
				F2B9AAF7AA3E72D57CCA84C7 /* Pods_sampleapp.framework */,
				D390EBA161BAF406ADE86E96 /* Pods_sampleapp_sampleappUITests.framework */,
				02BCFA5F1386ADE2382AF76F /* Pods_sampleappTests.framework */,
			);
			name = Frameworks;
			sourceTree = "<group>";
		};
		792AC7C7A9F9E4A3C6E92977 /* Pods */ = {
			isa = PBXGroup;
			children = (
				7B0AA17FCF87FB4338E90648 /* Pods-sampleapp.debug.xcconfig */,
				C6230A6FE076D762E5A237BD /* Pods-sampleapp.release.xcconfig */,
				E8C46BCE2287D34F20F85B3A /* Pods-sampleapp-sampleappUITests.debug.xcconfig */,
				2CE39186EC6D03A7719D28FC /* Pods-sampleapp-sampleappUITests.release.xcconfig */,
				903EB5CB869A9B1677CCA70E /* Pods-sampleappTests.debug.xcconfig */,
				54F717A4CF460A9E78C8E663 /* Pods-sampleappTests.release.xcconfig */,
			);
			name = Pods;
			path = Pods;
			sourceTree = "<group>";
		};
		DB49604226B3DC5F00A89EE9 /* View */ = {
			isa = PBXGroup;
			children = (
				DB5A40BA26AEC5F400EF4CF9 /* GHZNewsCell.h */,
				DB5A40BB26AEC5F400EF4CF9 /* GHZNewsCell.m */,
			);
			path = View;
			sourceTree = "<group>";
		};
		DB49604326B3DC7B00A89EE9 /* model */ = {
			isa = PBXGroup;
			children = (
				DB49603F26B3CBA000A89EE9 /* ListCellModel.h */,
				DB49604026B3CBA000A89EE9 /* ListCellModel.m */,
				DB5A40C526B25A6D00EF4CF9 /* GHZListLoader.h */,
				DB5A40C626B25A6D00EF4CF9 /* GHZListLoader.m */,
			);
			path = model;
			sourceTree = "<group>";
		};
		DB49604426B3DD0B00A89EE9 /* Controller */ = {
			isa = PBXGroup;
			children = (
				DB5A404026AE3CD200EF4CF9 /* GHZNewsController.h */,
				DB5A404126AE3CD200EF4CF9 /* GHZNewsController.m */,
			);
			path = Controller;
			sourceTree = "<group>";
		};
		DB5A402E26AE3CD200EF4CF9 = {
			isa = PBXGroup;
			children = (
				DB5A403926AE3CD200EF4CF9 /* sampleapp */,
				DB5A405526AE3CD300EF4CF9 /* sampleappTests */,
				DB5A406026AE3CD300EF4CF9 /* sampleappUITests */,
				DB5A403826AE3CD200EF4CF9 /* Products */,
				792AC7C7A9F9E4A3C6E92977 /* Pods */,
				6C7229912FAD9BE878B8E2EE /* Frameworks */,
			);
			sourceTree = "<group>";
		};
		DB5A403826AE3CD200EF4CF9 /* Products */ = {
			isa = PBXGroup;
			children = (
				DB5A403726AE3CD200EF4CF9 /* sampleapp.app */,
				DB5A405226AE3CD300EF4CF9 /* sampleappTests.xctest */,
				DB5A405D26AE3CD300EF4CF9 /* sampleappUITests.xctest */,
			);
			name = Products;
			sourceTree = "<group>";
		};
		DB5A403926AE3CD200EF4CF9 /* sampleapp */ = {
			isa = PBXGroup;
			children = (
				DB5A403A26AE3CD200EF4CF9 /* AppDelegate.h */,
				DB5A403B26AE3CD200EF4CF9 /* AppDelegate.m */,
				DB5A40BF26B24ACB00EF4CF9 /* News  */,
				DB5A40B326AE76E600EF4CF9 /* GHZVideoViewController.h */,
				DB5A40B426AE76E600EF4CF9 /* GHZVideoViewController.m */,
				DB5A40B726AEBF7900EF4CF9 /* GHZReCommendViewController.h */,
				DB5A40B826AEBF7900EF4CF9 /* GHZReCommendViewController.m */,
				DB5A40B626AE7A2200EF4CF9 /* PrefixHeader.pch */,
				DB5A404626AE3CD300EF4CF9 /* Assets.xcassets */,
				DB5A404826AE3CD300EF4CF9 /* LaunchScreen.storyboard */,
				DB5A404B26AE3CD300EF4CF9 /* Info.plist */,
				DB5A404C26AE3CD300EF4CF9 /* main.m */,
				DB5A40C826B2F6E600EF4CF9 /* AFNetworking */,
				DB5A40DD26B2F99200EF4CF9 /* MJExtension */,
			);
			path = sampleapp;
			sourceTree = "<group>";
		};
		DB5A405526AE3CD300EF4CF9 /* sampleappTests */ = {
			isa = PBXGroup;
			children = (
				DB5A405626AE3CD300EF4CF9 /* sampleappTests.m */,
				DB5A405826AE3CD300EF4CF9 /* Info.plist */,
			);
			path = sampleappTests;
			sourceTree = "<group>";
		};
		DB5A406026AE3CD300EF4CF9 /* sampleappUITests */ = {
			isa = PBXGroup;
			children = (
				DB5A406126AE3CD300EF4CF9 /* sampleappUITests.m */,
				DB5A406326AE3CD300EF4CF9 /* Info.plist */,
			);
			path = sampleappUITests;
			sourceTree = "<group>";
		};
		DB5A40BF26B24ACB00EF4CF9 /* News  */ = {
			isa = PBXGroup;
			children = (
				DB5A40C326B256C000EF4CF9 /* List */,
				DB5A40C426B256DA00EF4CF9 /* Detail */,
			);
			path = "News ";
			sourceTree = "<group>";
		};
		DB5A40C326B256C000EF4CF9 /* List */ = {
			isa = PBXGroup;
			children = (
				DB49604326B3DC7B00A89EE9 /* model */,
				DB49604226B3DC5F00A89EE9 /* View */,
				DB49604426B3DD0B00A89EE9 /* Controller */,
			);
			path = List;
			sourceTree = "<group>";
		};
		DB5A40C426B256DA00EF4CF9 /* Detail */ = {
			isa = PBXGroup;
			children = (
				DB5A40C026B24B4100EF4CF9 /* NewsDetailViewController.h */,
				DB5A40C126B24B4100EF4CF9 /* NewsDetailViewController.m */,
			);
			path = Detail;
			sourceTree = "<group>";
		};
		DB5A40C826B2F6E600EF4CF9 /* AFNetworking */ = {
			isa = PBXGroup;
			children = (
				DB5A40C926B2F6E600EF4CF9 /* AFSecurityPolicy.h */,
				DB5A40CA26B2F6E600EF4CF9 /* AFNetworkReachabilityManager.h */,
				DB5A40CB26B2F6E600EF4CF9 /* AFURLSessionManager.h */,
				DB5A40CC26B2F6E600EF4CF9 /* AFURLRequestSerialization.h */,
				DB5A40CD26B2F6E600EF4CF9 /* AFURLResponseSerialization.m */,
				DB5A40CE26B2F6E600EF4CF9 /* AFHTTPSessionManager.m */,
				DB5A40CF26B2F6E600EF4CF9 /* AFURLResponseSerialization.h */,
				DB5A40D026B2F6E600EF4CF9 /* AFURLSessionManager.m */,
				DB5A40D126B2F6E600EF4CF9 /* AFURLRequestSerialization.m */,
				DB5A40D226B2F6E600EF4CF9 /* AFNetworking.h */,
				DB5A40D326B2F6E600EF4CF9 /* AFNetworkReachabilityManager.m */,
				DB5A40D426B2F6E600EF4CF9 /* AFSecurityPolicy.m */,
				DB5A40D526B2F6E600EF4CF9 /* AFCompatibilityMacros.h */,
				DB5A40D626B2F6E600EF4CF9 /* AFHTTPSessionManager.h */,
			);
			path = AFNetworking;
			sourceTree = "<group>";
		};
		DB5A40DD26B2F99200EF4CF9 /* MJExtension */ = {
			isa = PBXGroup;
			children = (
				DB5A40DE26B2F99200EF4CF9 /* MJPropertyKey.h */,
				DB5A40DF26B2F99200EF4CF9 /* NSObject+MJClass.h */,
				DB5A40E026B2F99200EF4CF9 /* NSString+MJExtension.h */,
				DB5A40E126B2F99200EF4CF9 /* MJPropertyType.m */,
				DB5A40E226B2F99200EF4CF9 /* NSObject+MJProperty.h */,
				DB5A40E326B2F99200EF4CF9 /* MJExtensionConst.h */,
				DB5A40E426B2F99200EF4CF9 /* NSObject+MJKeyValue.m */,
				DB5A40E526B2F99200EF4CF9 /* MJProperty.m */,
				DB5A40E626B2F99200EF4CF9 /* MJFoundation.h */,
				DB5A40E726B2F99200EF4CF9 /* NSObject+MJCoding.m */,
				DB5A40E826B2F99200EF4CF9 /* MJExtension.h */,
				DB5A40E926B2F99200EF4CF9 /* MJExtensionConst.m */,
				DB5A40EA26B2F99200EF4CF9 /* NSObject+MJProperty.m */,
				DB5A40EB26B2F99200EF4CF9 /* MJPropertyType.h */,
				DB5A40EC26B2F99200EF4CF9 /* NSObject+MJClass.m */,
				DB5A40ED26B2F99200EF4CF9 /* NSString+MJExtension.m */,
				DB5A40EE26B2F99200EF4CF9 /* MJPropertyKey.m */,
				DB5A40EF26B2F99200EF4CF9 /* MJProperty.h */,
				DB5A40F026B2F99200EF4CF9 /* NSObject+MJKeyValue.h */,
				DB5A40F126B2F99200EF4CF9 /* NSObject+MJCoding.h */,
				DB5A40F326B2F99200EF4CF9 /* MJFoundation.m */,
			);
			path = MJExtension;
			sourceTree = "<group>";
		};
/* End PBXGroup section */

/* Begin PBXNativeTarget section */
		DB5A403626AE3CD200EF4CF9 /* sampleapp */ = {
			isa = PBXNativeTarget;
			buildConfigurationList = DB5A406626AE3CD300EF4CF9 /* Build configuration list for PBXNativeTarget "sampleapp" */;
			buildPhases = (
				D8C475DB4809575BA66DFE0F /* [CP] Check Pods Manifest.lock */,
				DB5A403326AE3CD200EF4CF9 /* Sources */,
				DB5A403426AE3CD200EF4CF9 /* Frameworks */,
				DB5A403526AE3CD200EF4CF9 /* Resources */,
				26D06ADD72433E16AC7401EA /* [CP] Embed Pods Frameworks */,
			);
			buildRules = (
			);
			dependencies = (
			);
			name = sampleapp;
			productName = sampleapp;
			productReference = DB5A403726AE3CD200EF4CF9 /* sampleapp.app */;
			productType = "com.apple.product-type.application";
		};
		DB5A405126AE3CD300EF4CF9 /* sampleappTests */ = {
			isa = PBXNativeTarget;
			buildConfigurationList = DB5A406926AE3CD300EF4CF9 /* Build configuration list for PBXNativeTarget "sampleappTests" */;
			buildPhases = (
				6162B46BAE06C19C2B5E6523 /* [CP] Check Pods Manifest.lock */,
				DB5A404E26AE3CD300EF4CF9 /* Sources */,
				DB5A404F26AE3CD300EF4CF9 /* Frameworks */,
				DB5A405026AE3CD300EF4CF9 /* Resources */,
			);
			buildRules = (
			);
			dependencies = (
				DB5A405426AE3CD300EF4CF9 /* PBXTargetDependency */,
			);
			name = sampleappTests;
			productName = sampleappTests;
			productReference = DB5A405226AE3CD300EF4CF9 /* sampleappTests.xctest */;
			productType = "com.apple.product-type.bundle.unit-test";
		};
		DB5A405C26AE3CD300EF4CF9 /* sampleappUITests */ = {
			isa = PBXNativeTarget;
			buildConfigurationList = DB5A406C26AE3CD300EF4CF9 /* Build configuration list for PBXNativeTarget "sampleappUITests" */;
			buildPhases = (
				D774BE8A40F52A045B2FF064 /* [CP] Check Pods Manifest.lock */,
				DB5A405926AE3CD300EF4CF9 /* Sources */,
				DB5A405A26AE3CD300EF4CF9 /* Frameworks */,
				DB5A405B26AE3CD300EF4CF9 /* Resources */,
				1372BE9AF792EC3841F73BF4 /* [CP] Embed Pods Frameworks */,
			);
			buildRules = (
			);
			dependencies = (
				DB5A405F26AE3CD300EF4CF9 /* PBXTargetDependency */,
			);
			name = sampleappUITests;
			productName = sampleappUITests;
			productReference = DB5A405D26AE3CD300EF4CF9 /* sampleappUITests.xctest */;
			productType = "com.apple.product-type.bundle.ui-testing";
		};
/* End PBXNativeTarget section */

/* Begin PBXProject section */
		DB5A402F26AE3CD200EF4CF9 /* Project object */ = {
			isa = PBXProject;
			attributes = {
				LastUpgradeCheck = 1250;
				TargetAttributes = {
					DB5A403626AE3CD200EF4CF9 = {
						CreatedOnToolsVersion = 12.5;
					};
					DB5A405126AE3CD300EF4CF9 = {
						CreatedOnToolsVersion = 12.5;
						TestTargetID = DB5A403626AE3CD200EF4CF9;
					};
					DB5A405C26AE3CD300EF4CF9 = {
						CreatedOnToolsVersion = 12.5;
						TestTargetID = DB5A403626AE3CD200EF4CF9;
					};
				};
			};
			buildConfigurationList = DB5A403226AE3CD200EF4CF9 /* Build configuration list for PBXProject "sampleapp" */;
			compatibilityVersion = "Xcode 9.3";
			developmentRegion = en;
			hasScannedForEncodings = 0;
			knownRegions = (
				en,
				Base,
			);
			mainGroup = DB5A402E26AE3CD200EF4CF9;
			productRefGroup = DB5A403826AE3CD200EF4CF9 /* Products */;
			projectDirPath = "";
			projectRoot = "";
			targets = (
				DB5A403626AE3CD200EF4CF9 /* sampleapp */,
				DB5A405126AE3CD300EF4CF9 /* sampleappTests */,
				DB5A405C26AE3CD300EF4CF9 /* sampleappUITests */,
			);
		};
/* End PBXProject section */

/* Begin PBXResourcesBuildPhase section */
		DB5A403526AE3CD200EF4CF9 /* Resources */ = {
			isa = PBXResourcesBuildPhase;
			buildActionMask = 2147483647;
			files = (
				DB5A404A26AE3CD300EF4CF9 /* LaunchScreen.storyboard in Resources */,
				DB5A404726AE3CD300EF4CF9 /* Assets.xcassets in Resources */,
			);
			runOnlyForDeploymentPostprocessing = 0;
		};
		DB5A405026AE3CD300EF4CF9 /* Resources */ = {
			isa = PBXResourcesBuildPhase;
			buildActionMask = 2147483647;
			files = (
			);
			runOnlyForDeploymentPostprocessing = 0;
		};
		DB5A405B26AE3CD300EF4CF9 /* Resources */ = {
			isa = PBXResourcesBuildPhase;
			buildActionMask = 2147483647;
			files = (
			);
			runOnlyForDeploymentPostprocessing = 0;
		};
/* End PBXResourcesBuildPhase section */

/* Begin PBXShellScriptBuildPhase section */
		1372BE9AF792EC3841F73BF4 /* [CP] Embed Pods Frameworks */ = {
			isa = PBXShellScriptBuildPhase;
			buildActionMask = 2147483647;
			files = (
			);
			inputFileListPaths = (
				"${PODS_ROOT}/Target Support Files/Pods-sampleapp-sampleappUITests/Pods-sampleapp-sampleappUITests-frameworks-${CONFIGURATION}-input-files.xcfilelist",
			);
			name = "[CP] Embed Pods Frameworks";
			outputFileListPaths = (
				"${PODS_ROOT}/Target Support Files/Pods-sampleapp-sampleappUITests/Pods-sampleapp-sampleappUITests-frameworks-${CONFIGURATION}-output-files.xcfilelist",
			);
			runOnlyForDeploymentPostprocessing = 0;
			shellPath = /bin/sh;
			shellScript = "\"${PODS_ROOT}/Target Support Files/Pods-sampleapp-sampleappUITests/Pods-sampleapp-sampleappUITests-frameworks.sh\"\n";
			showEnvVarsInLog = 0;
		};
		26D06ADD72433E16AC7401EA /* [CP] Embed Pods Frameworks */ = {
			isa = PBXShellScriptBuildPhase;
			buildActionMask = 2147483647;
			files = (
			);
			inputFileListPaths = (
				"${PODS_ROOT}/Target Support Files/Pods-sampleapp/Pods-sampleapp-frameworks-${CONFIGURATION}-input-files.xcfilelist",
			);
			name = "[CP] Embed Pods Frameworks";
			outputFileListPaths = (
				"${PODS_ROOT}/Target Support Files/Pods-sampleapp/Pods-sampleapp-frameworks-${CONFIGURATION}-output-files.xcfilelist",
			);
			runOnlyForDeploymentPostprocessing = 0;
			shellPath = /bin/sh;
			shellScript = "\"${PODS_ROOT}/Target Support Files/Pods-sampleapp/Pods-sampleapp-frameworks.sh\"\n";
			showEnvVarsInLog = 0;
		};
		6162B46BAE06C19C2B5E6523 /* [CP] Check Pods Manifest.lock */ = {
			isa = PBXShellScriptBuildPhase;
			buildActionMask = 2147483647;
			files = (
			);
			inputFileListPaths = (
			);
			inputPaths = (
				"${PODS_PODFILE_DIR_PATH}/Podfile.lock",
				"${PODS_ROOT}/Manifest.lock",
			);
			name = "[CP] Check Pods Manifest.lock";
			outputFileListPaths = (
			);
			outputPaths = (
				"$(DERIVED_FILE_DIR)/Pods-sampleappTests-checkManifestLockResult.txt",
			);
			runOnlyForDeploymentPostprocessing = 0;
			shellPath = /bin/sh;
			shellScript = "diff \"${PODS_PODFILE_DIR_PATH}/Podfile.lock\" \"${PODS_ROOT}/Manifest.lock\" > /dev/null\nif [ $? != 0 ] ; then\n    # print error to STDERR\n    echo \"error: The sandbox is not in sync with the Podfile.lock. Run 'pod install' or update your CocoaPods installation.\" >&2\n    exit 1\nfi\n# This output is used by Xcode 'outputs' to avoid re-running this script phase.\necho \"SUCCESS\" > \"${SCRIPT_OUTPUT_FILE_0}\"\n";
			showEnvVarsInLog = 0;
		};
		D774BE8A40F52A045B2FF064 /* [CP] Check Pods Manifest.lock */ = {
			isa = PBXShellScriptBuildPhase;
			buildActionMask = 2147483647;
			files = (
			);
			inputFileListPaths = (
			);
			inputPaths = (
				"${PODS_PODFILE_DIR_PATH}/Podfile.lock",
				"${PODS_ROOT}/Manifest.lock",
			);
			name = "[CP] Check Pods Manifest.lock";
			outputFileListPaths = (
			);
			outputPaths = (
				"$(DERIVED_FILE_DIR)/Pods-sampleapp-sampleappUITests-checkManifestLockResult.txt",
			);
			runOnlyForDeploymentPostprocessing = 0;
			shellPath = /bin/sh;
			shellScript = "diff \"${PODS_PODFILE_DIR_PATH}/Podfile.lock\" \"${PODS_ROOT}/Manifest.lock\" > /dev/null\nif [ $? != 0 ] ; then\n    # print error to STDERR\n    echo \"error: The sandbox is not in sync with the Podfile.lock. Run 'pod install' or update your CocoaPods installation.\" >&2\n    exit 1\nfi\n# This output is used by Xcode 'outputs' to avoid re-running this script phase.\necho \"SUCCESS\" > \"${SCRIPT_OUTPUT_FILE_0}\"\n";
			showEnvVarsInLog = 0;
		};
		D8C475DB4809575BA66DFE0F /* [CP] Check Pods Manifest.lock */ = {
			isa = PBXShellScriptBuildPhase;
			buildActionMask = 2147483647;
			files = (
			);
			inputFileListPaths = (
			);
			inputPaths = (
				"${PODS_PODFILE_DIR_PATH}/Podfile.lock",
				"${PODS_ROOT}/Manifest.lock",
			);
			name = "[CP] Check Pods Manifest.lock";
			outputFileListPaths = (
			);
			outputPaths = (
				"$(DERIVED_FILE_DIR)/Pods-sampleapp-checkManifestLockResult.txt",
			);
			runOnlyForDeploymentPostprocessing = 0;
			shellPath = /bin/sh;
			shellScript = "diff \"${PODS_PODFILE_DIR_PATH}/Podfile.lock\" \"${PODS_ROOT}/Manifest.lock\" > /dev/null\nif [ $? != 0 ] ; then\n    # print error to STDERR\n    echo \"error: The sandbox is not in sync with the Podfile.lock. Run 'pod install' or update your CocoaPods installation.\" >&2\n    exit 1\nfi\n# This output is used by Xcode 'outputs' to avoid re-running this script phase.\necho \"SUCCESS\" > \"${SCRIPT_OUTPUT_FILE_0}\"\n";
			showEnvVarsInLog = 0;
		};
/* End PBXShellScriptBuildPhase section */

/* Begin PBXSourcesBuildPhase section */
		DB5A403326AE3CD200EF4CF9 /* Sources */ = {
			isa = PBXSourcesBuildPhase;
			buildActionMask = 2147483647;
			files = (
				DB5A40F526B2F99200EF4CF9 /* NSObject+MJKeyValue.m in Sources */,
				DB5A40F426B2F99200EF4CF9 /* MJPropertyType.m in Sources */,
				DB5A40DC26B2F6E600EF4CF9 /* AFSecurityPolicy.m in Sources */,
				DB5A404226AE3CD200EF4CF9 /* GHZNewsController.m in Sources */,
				DB5A40DB26B2F6E600EF4CF9 /* AFNetworkReachabilityManager.m in Sources */,
				DB5A40D726B2F6E600EF4CF9 /* AFURLResponseSerialization.m in Sources */,
				DB5A40C226B24B4100EF4CF9 /* NewsDetailViewController.m in Sources */,
				DB5A40FC26B2F99200EF4CF9 /* MJPropertyKey.m in Sources */,
				DB5A40F926B2F99200EF4CF9 /* NSObject+MJProperty.m in Sources */,
				DB5A40F626B2F99200EF4CF9 /* MJProperty.m in Sources */,
				DB5A40DA26B2F6E600EF4CF9 /* AFURLRequestSerialization.m in Sources */,
				DB5A40B926AEBF7900EF4CF9 /* GHZReCommendViewController.m in Sources */,
				DB5A40F826B2F99200EF4CF9 /* MJExtensionConst.m in Sources */,
				DB5A40FB26B2F99200EF4CF9 /* NSString+MJExtension.m in Sources */,
				DB5A40FA26B2F99200EF4CF9 /* NSObject+MJClass.m in Sources */,
				DB5A40FE26B2F99200EF4CF9 /* MJFoundation.m in Sources */,
				DB5A40D926B2F6E600EF4CF9 /* AFURLSessionManager.m in Sources */,
				DB5A403C26AE3CD200EF4CF9 /* AppDelegate.m in Sources */,
				DB49604126B3CBA000A89EE9 /* ListCellModel.m in Sources */,
				DB5A40B526AE76E600EF4CF9 /* GHZVideoViewController.m in Sources */,
				DB5A40BC26AEC5F400EF4CF9 /* GHZNewsCell.m in Sources */,
				DB5A40F726B2F99200EF4CF9 /* NSObject+MJCoding.m in Sources */,
				DB5A40D826B2F6E600EF4CF9 /* AFHTTPSessionManager.m in Sources */,
				DB5A40C726B25A6D00EF4CF9 /* GHZListLoader.m in Sources */,
				DB5A404D26AE3CD300EF4CF9 /* main.m in Sources */,
			);
			runOnlyForDeploymentPostprocessing = 0;
		};
		DB5A404E26AE3CD300EF4CF9 /* Sources */ = {
			isa = PBXSourcesBuildPhase;
			buildActionMask = 2147483647;
			files = (
				DB5A405726AE3CD300EF4CF9 /* sampleappTests.m in Sources */,
			);
			runOnlyForDeploymentPostprocessing = 0;
		};
		DB5A405926AE3CD300EF4CF9 /* Sources */ = {
			isa = PBXSourcesBuildPhase;
			buildActionMask = 2147483647;
			files = (
				DB5A406226AE3CD300EF4CF9 /* sampleappUITests.m in Sources */,
			);
			runOnlyForDeploymentPostprocessing = 0;
		};
/* End PBXSourcesBuildPhase section */

/* Begin PBXTargetDependency section */
		DB5A405426AE3CD300EF4CF9 /* PBXTargetDependency */ = {
			isa = PBXTargetDependency;
			target = DB5A403626AE3CD200EF4CF9 /* sampleapp */;
			targetProxy = DB5A405326AE3CD300EF4CF9 /* PBXContainerItemProxy */;
		};
		DB5A405F26AE3CD300EF4CF9 /* PBXTargetDependency */ = {
			isa = PBXTargetDependency;
			target = DB5A403626AE3CD200EF4CF9 /* sampleapp */;
			targetProxy = DB5A405E26AE3CD300EF4CF9 /* PBXContainerItemProxy */;
		};
/* End PBXTargetDependency section */

/* Begin PBXVariantGroup section */
		DB5A404826AE3CD300EF4CF9 /* LaunchScreen.storyboard */ = {
			isa = PBXVariantGroup;
			children = (
				DB5A404926AE3CD300EF4CF9 /* Base */,
			);
			name = LaunchScreen.storyboard;
			sourceTree = "<group>";
		};
/* End PBXVariantGroup section */

/* Begin XCBuildConfiguration section */
		DB5A406426AE3CD300EF4CF9 /* Debug */ = {
			isa = XCBuildConfiguration;
			buildSettings = {
				ALWAYS_SEARCH_USER_PATHS = NO;
				CLANG_ANALYZER_NONNULL = YES;
				CLANG_ANALYZER_NUMBER_OBJECT_CONVERSION = YES_AGGRESSIVE;
				CLANG_CXX_LANGUAGE_STANDARD = "gnu++14";
				CLANG_CXX_LIBRARY = "libc++";
				CLANG_ENABLE_MODULES = YES;
				CLANG_ENABLE_OBJC_ARC = YES;
				CLANG_ENABLE_OBJC_WEAK = YES;
				CLANG_WARN_BLOCK_CAPTURE_AUTORELEASING = YES;
				CLANG_WARN_BOOL_CONVERSION = YES;
				CLANG_WARN_COMMA = YES;
				CLANG_WARN_CONSTANT_CONVERSION = YES;
				CLANG_WARN_DEPRECATED_OBJC_IMPLEMENTATIONS = YES;
				CLANG_WARN_DIRECT_OBJC_ISA_USAGE = YES_ERROR;
				CLANG_WARN_DOCUMENTATION_COMMENTS = YES;
				CLANG_WARN_EMPTY_BODY = YES;
				CLANG_WARN_ENUM_CONVERSION = YES;
				CLANG_WARN_INFINITE_RECURSION = YES;
				CLANG_WARN_INT_CONVERSION = YES;
				CLANG_WARN_NON_LITERAL_NULL_CONVERSION = YES;
				CLANG_WARN_OBJC_IMPLICIT_RETAIN_SELF = YES;
				CLANG_WARN_OBJC_LITERAL_CONVERSION = YES;
				CLANG_WARN_OBJC_ROOT_CLASS = YES_ERROR;
				CLANG_WARN_QUOTED_INCLUDE_IN_FRAMEWORK_HEADER = YES;
				CLANG_WARN_RANGE_LOOP_ANALYSIS = YES;
				CLANG_WARN_STRICT_PROTOTYPES = YES;
				CLANG_WARN_SUSPICIOUS_MOVE = YES;
				CLANG_WARN_UNGUARDED_AVAILABILITY = YES_AGGRESSIVE;
				CLANG_WARN_UNREACHABLE_CODE = YES;
				CLANG_WARN__DUPLICATE_METHOD_MATCH = YES;
				COPY_PHASE_STRIP = NO;
				DEBUG_INFORMATION_FORMAT = dwarf;
				ENABLE_STRICT_OBJC_MSGSEND = YES;
				ENABLE_TESTABILITY = YES;
				GCC_C_LANGUAGE_STANDARD = gnu11;
				GCC_DYNAMIC_NO_PIC = NO;
				GCC_NO_COMMON_BLOCKS = YES;
				GCC_OPTIMIZATION_LEVEL = 0;
				GCC_PRECOMPILE_PREFIX_HEADER = YES;
				GCC_PREFIX_HEADER = /Users/gaohaozhe/Desktop/fighting/sampleapp/sampleapp/PrefixHeader.pch;
				GCC_PREPROCESSOR_DEFINITIONS = (
					"DEBUG=1",
					"$(inherited)",
				);
				GCC_WARN_64_TO_32_BIT_CONVERSION = YES;
				GCC_WARN_ABOUT_RETURN_TYPE = YES_ERROR;
				GCC_WARN_UNDECLARED_SELECTOR = YES;
				GCC_WARN_UNINITIALIZED_AUTOS = YES_AGGRESSIVE;
				GCC_WARN_UNUSED_FUNCTION = YES;
				GCC_WARN_UNUSED_VARIABLE = YES;
				IPHONEOS_DEPLOYMENT_TARGET = 14.5;
				MTL_ENABLE_DEBUG_INFO = INCLUDE_SOURCE;
				MTL_FAST_MATH = YES;
				ONLY_ACTIVE_ARCH = YES;
				SDKROOT = iphoneos;
			};
			name = Debug;
		};
		DB5A406526AE3CD300EF4CF9 /* Release */ = {
			isa = XCBuildConfiguration;
			buildSettings = {
				ALWAYS_SEARCH_USER_PATHS = NO;
				CLANG_ANALYZER_NONNULL = YES;
				CLANG_ANALYZER_NUMBER_OBJECT_CONVERSION = YES_AGGRESSIVE;
				CLANG_CXX_LANGUAGE_STANDARD = "gnu++14";
				CLANG_CXX_LIBRARY = "libc++";
				CLANG_ENABLE_MODULES = YES;
				CLANG_ENABLE_OBJC_ARC = YES;
				CLANG_ENABLE_OBJC_WEAK = YES;
				CLANG_WARN_BLOCK_CAPTURE_AUTORELEASING = YES;
				CLANG_WARN_BOOL_CONVERSION = YES;
				CLANG_WARN_COMMA = YES;
				CLANG_WARN_CONSTANT_CONVERSION = YES;
				CLANG_WARN_DEPRECATED_OBJC_IMPLEMENTATIONS = YES;
				CLANG_WARN_DIRECT_OBJC_ISA_USAGE = YES_ERROR;
				CLANG_WARN_DOCUMENTATION_COMMENTS = YES;
				CLANG_WARN_EMPTY_BODY = YES;
				CLANG_WARN_ENUM_CONVERSION = YES;
				CLANG_WARN_INFINITE_RECURSION = YES;
				CLANG_WARN_INT_CONVERSION = YES;
				CLANG_WARN_NON_LITERAL_NULL_CONVERSION = YES;
				CLANG_WARN_OBJC_IMPLICIT_RETAIN_SELF = YES;
				CLANG_WARN_OBJC_LITERAL_CONVERSION = YES;
				CLANG_WARN_OBJC_ROOT_CLASS = YES_ERROR;
				CLANG_WARN_QUOTED_INCLUDE_IN_FRAMEWORK_HEADER = YES;
				CLANG_WARN_RANGE_LOOP_ANALYSIS = YES;
				CLANG_WARN_STRICT_PROTOTYPES = YES;
				CLANG_WARN_SUSPICIOUS_MOVE = YES;
				CLANG_WARN_UNGUARDED_AVAILABILITY = YES_AGGRESSIVE;
				CLANG_WARN_UNREACHABLE_CODE = YES;
				CLANG_WARN__DUPLICATE_METHOD_MATCH = YES;
				COPY_PHASE_STRIP = NO;
				DEBUG_INFORMATION_FORMAT = "dwarf-with-dsym";
				ENABLE_NS_ASSERTIONS = NO;
				ENABLE_STRICT_OBJC_MSGSEND = YES;
				GCC_C_LANGUAGE_STANDARD = gnu11;
				GCC_NO_COMMON_BLOCKS = YES;
				GCC_PRECOMPILE_PREFIX_HEADER = YES;
				GCC_PREFIX_HEADER = /Users/gaohaozhe/Desktop/fighting/sampleapp/sampleapp/PrefixHeader.pch;
				GCC_WARN_64_TO_32_BIT_CONVERSION = YES;
				GCC_WARN_ABOUT_RETURN_TYPE = YES_ERROR;
				GCC_WARN_UNDECLARED_SELECTOR = YES;
				GCC_WARN_UNINITIALIZED_AUTOS = YES_AGGRESSIVE;
				GCC_WARN_UNUSED_FUNCTION = YES;
				GCC_WARN_UNUSED_VARIABLE = YES;
				IPHONEOS_DEPLOYMENT_TARGET = 14.5;
				MTL_ENABLE_DEBUG_INFO = NO;
				MTL_FAST_MATH = YES;
				SDKROOT = iphoneos;
				VALIDATE_PRODUCT = YES;
			};
			name = Release;
		};
		DB5A406726AE3CD300EF4CF9 /* Debug */ = {
			isa = XCBuildConfiguration;
			baseConfigurationReference = 7B0AA17FCF87FB4338E90648 /* Pods-sampleapp.debug.xcconfig */;
			buildSettings = {
				ASSETCATALOG_COMPILER_APPICON_NAME = AppIcon;
				ASSETCATALOG_COMPILER_GLOBAL_ACCENT_COLOR_NAME = AccentColor;
				CODE_SIGN_STYLE = Automatic;
				DEVELOPMENT_TEAM = PXC94WQ66W;
				INFOPLIST_FILE = sampleapp/Info.plist;
				LD_RUNPATH_SEARCH_PATHS = (
					"$(inherited)",
					"@executable_path/Frameworks",
				);
				PRODUCT_BUNDLE_IDENTIFIER = ghz.sampleapp;
				PRODUCT_NAME = "$(TARGET_NAME)";
				TARGETED_DEVICE_FAMILY = 1;
			};
			name = Debug;
		};
		DB5A406826AE3CD300EF4CF9 /* Release */ = {
			isa = XCBuildConfiguration;
			baseConfigurationReference = C6230A6FE076D762E5A237BD /* Pods-sampleapp.release.xcconfig */;
			buildSettings = {
				ASSETCATALOG_COMPILER_APPICON_NAME = AppIcon;
				ASSETCATALOG_COMPILER_GLOBAL_ACCENT_COLOR_NAME = AccentColor;
				CODE_SIGN_STYLE = Automatic;
				DEVELOPMENT_TEAM = PXC94WQ66W;
				INFOPLIST_FILE = sampleapp/Info.plist;
				LD_RUNPATH_SEARCH_PATHS = (
					"$(inherited)",
					"@executable_path/Frameworks",
				);
				PRODUCT_BUNDLE_IDENTIFIER = ghz.sampleapp;
				PRODUCT_NAME = "$(TARGET_NAME)";
				TARGETED_DEVICE_FAMILY = 1;
			};
			name = Release;
		};
		DB5A406A26AE3CD300EF4CF9 /* Debug */ = {
			isa = XCBuildConfiguration;
			baseConfigurationReference = 903EB5CB869A9B1677CCA70E /* Pods-sampleappTests.debug.xcconfig */;
			buildSettings = {
				BUNDLE_LOADER = "$(TEST_HOST)";
				CODE_SIGN_STYLE = Automatic;
				DEVELOPMENT_TEAM = PXC94WQ66W;
				INFOPLIST_FILE = sampleappTests/Info.plist;
				IPHONEOS_DEPLOYMENT_TARGET = 14.5;
				LD_RUNPATH_SEARCH_PATHS = (
					"$(inherited)",
					"@executable_path/Frameworks",
					"@loader_path/Frameworks",
				);
				PRODUCT_BUNDLE_IDENTIFIER = ghz.sampleappTests;
				PRODUCT_NAME = "$(TARGET_NAME)";
				TARGETED_DEVICE_FAMILY = "1,2";
				TEST_HOST = "$(BUILT_PRODUCTS_DIR)/sampleapp.app/sampleapp";
			};
			name = Debug;
		};
		DB5A406B26AE3CD300EF4CF9 /* Release */ = {
			isa = XCBuildConfiguration;
			baseConfigurationReference = 54F717A4CF460A9E78C8E663 /* Pods-sampleappTests.release.xcconfig */;
			buildSettings = {
				BUNDLE_LOADER = "$(TEST_HOST)";
				CODE_SIGN_STYLE = Automatic;
				DEVELOPMENT_TEAM = PXC94WQ66W;
				INFOPLIST_FILE = sampleappTests/Info.plist;
				IPHONEOS_DEPLOYMENT_TARGET = 14.5;
				LD_RUNPATH_SEARCH_PATHS = (
					"$(inherited)",
					"@executable_path/Frameworks",
					"@loader_path/Frameworks",
				);
				PRODUCT_BUNDLE_IDENTIFIER = ghz.sampleappTests;
				PRODUCT_NAME = "$(TARGET_NAME)";
				TARGETED_DEVICE_FAMILY = "1,2";
				TEST_HOST = "$(BUILT_PRODUCTS_DIR)/sampleapp.app/sampleapp";
			};
			name = Release;
		};
		DB5A406D26AE3CD300EF4CF9 /* Debug */ = {
			isa = XCBuildConfiguration;
			baseConfigurationReference = E8C46BCE2287D34F20F85B3A /* Pods-sampleapp-sampleappUITests.debug.xcconfig */;
			buildSettings = {
				CODE_SIGN_STYLE = Automatic;
				DEVELOPMENT_TEAM = PXC94WQ66W;
				INFOPLIST_FILE = sampleappUITests/Info.plist;
				LD_RUNPATH_SEARCH_PATHS = (
					"$(inherited)",
					"@executable_path/Frameworks",
					"@loader_path/Frameworks",
				);
				PRODUCT_BUNDLE_IDENTIFIER = ghz.sampleappUITests;
				PRODUCT_NAME = "$(TARGET_NAME)";
				TARGETED_DEVICE_FAMILY = "1,2";
				TEST_TARGET_NAME = sampleapp;
			};
			name = Debug;
		};
		DB5A406E26AE3CD300EF4CF9 /* Release */ = {
			isa = XCBuildConfiguration;
			baseConfigurationReference = 2CE39186EC6D03A7719D28FC /* Pods-sampleapp-sampleappUITests.release.xcconfig */;
			buildSettings = {
				CODE_SIGN_STYLE = Automatic;
				DEVELOPMENT_TEAM = PXC94WQ66W;
				INFOPLIST_FILE = sampleappUITests/Info.plist;
				LD_RUNPATH_SEARCH_PATHS = (
					"$(inherited)",
					"@executable_path/Frameworks",
					"@loader_path/Frameworks",
				);
				PRODUCT_BUNDLE_IDENTIFIER = ghz.sampleappUITests;
				PRODUCT_NAME = "$(TARGET_NAME)";
				TARGETED_DEVICE_FAMILY = "1,2";
				TEST_TARGET_NAME = sampleapp;
			};
			name = Release;
		};
/* End XCBuildConfiguration section */

/* Begin XCConfigurationList section */
		DB5A403226AE3CD200EF4CF9 /* Build configuration list for PBXProject "sampleapp" */ = {
			isa = XCConfigurationList;
			buildConfigurations = (
				DB5A406426AE3CD300EF4CF9 /* Debug */,
				DB5A406526AE3CD300EF4CF9 /* Release */,
			);
			defaultConfigurationIsVisible = 0;
			defaultConfigurationName = Release;
		};
		DB5A406626AE3CD300EF4CF9 /* Build configuration list for PBXNativeTarget "sampleapp" */ = {
			isa = XCConfigurationList;
			buildConfigurations = (
				DB5A406726AE3CD300EF4CF9 /* Debug */,
				DB5A406826AE3CD300EF4CF9 /* Release */,
			);
			defaultConfigurationIsVisible = 0;
			defaultConfigurationName = Release;
		};
		DB5A406926AE3CD300EF4CF9 /* Build configuration list for PBXNativeTarget "sampleappTests" */ = {
			isa = XCConfigurationList;
			buildConfigurations = (
				DB5A406A26AE3CD300EF4CF9 /* Debug */,
				DB5A406B26AE3CD300EF4CF9 /* Release */,
			);
			defaultConfigurationIsVisible = 0;
			defaultConfigurationName = Release;
		};
		DB5A406C26AE3CD300EF4CF9 /* Build configuration list for PBXNativeTarget "sampleappUITests" */ = {
			isa = XCConfigurationList;
			buildConfigurations = (
				DB5A406D26AE3CD300EF4CF9 /* Debug */,
				DB5A406E26AE3CD300EF4CF9 /* Release */,
			);
			defaultConfigurationIsVisible = 0;
			defaultConfigurationName = Release;
		};
/* End XCConfigurationList section */
	};
	rootObject = DB5A402F26AE3CD200EF4CF9 /* Project object */;
}
